// !$*UTF8*$!
{
	archiveVersion = 1;
	classes = {
	};
	objectVersion = 46;
	objects = {

/* Begin PBXBuildFile section */
		C402C6291D65697D00D350D4 /* AppDelegate.swift in Sources */ = {isa = PBXBuildFile; fileRef = C402C6281D65697D00D350D4 /* AppDelegate.swift */; };
		C402C62B1D65697D00D350D4 /* ViewController.swift in Sources */ = {isa = PBXBuildFile; fileRef = C402C62A1D65697D00D350D4 /* ViewController.swift */; };
		C402C62E1D65697D00D350D4 /* Main.storyboard in Resources */ = {isa = PBXBuildFile; fileRef = C402C62C1D65697D00D350D4 /* Main.storyboard */; };
		C402C6301D65697D00D350D4 /* Assets.xcassets in Resources */ = {isa = PBXBuildFile; fileRef = C402C62F1D65697D00D350D4 /* Assets.xcassets */; };
		C402C6331D65697D00D350D4 /* LaunchScreen.storyboard in Resources */ = {isa = PBXBuildFile; fileRef = C402C6311D65697D00D350D4 /* LaunchScreen.storyboard */; };
/* End PBXBuildFile section */

/* Begin PBXFileReference section */
		C402C6251D65697D00D350D4 /* Table1to50.app */ = {isa = PBXFileReference; explicitFileType = wrapper.application; includeInIndex = 0; path = Table1to50.app; sourceTree = BUILT_PRODUCTS_DIR; };
		C402C6281D65697D00D350D4 /* AppDelegate.swift */ = {isa = PBXFileReference; lastKnownFileType = sourcecode.swift; path = AppDelegate.swift; sourceTree = "<group>"; };
		C402C62A1D65697D00D350D4 /* ViewController.swift */ = {isa = PBXFileReference; lastKnownFileType = sourcecode.swift; path = ViewController.swift; sourceTree = "<group>"; };
		C402C62D1D65697D00D350D4 /* Base */ = {isa = PBXFileReference; lastKnownFileType = file.storyboard; name = Base; path = Base.lproj/Main.storyboard; sourceTree = "<group>"; };
		C402C62F1D65697D00D350D4 /* Assets.xcassets */ = {isa = PBXFileReference; lastKnownFileType = folder.assetcatalog; path = Assets.xcassets; sourceTree = "<group>"; };
		C402C6321D65697D00D350D4 /* Base */ = {isa = PBXFileReference; lastKnownFileType = file.storyboard; name = Base; path = Base.lproj/LaunchScreen.storyboard; sourceTree = "<group>"; };
		C402C6341D65697D00D350D4 /* Info.plist */ = {isa = PBXFileReference; lastKnownFileType = text.plist.xml; path = Info.plist; sourceTree = "<group>"; };
/* End PBXFileReference section */

/* Begin PBXFrameworksBuildPhase section */
		C402C6221D65697D00D350D4 /* Frameworks */ = {
			isa = PBXFrameworksBuildPhase;
			buildActionMask = 2147483647;
			files = (
			);
			runOnlyForDeploymentPostprocessing = 0;
		};
/* End PBXFrameworksBuildPhase section */

/* Begin PBXGroup section */
		C402C61C1D65697D00D350D4 = {
			isa = PBXGroup;
			children = (
				C402C6271D65697D00D350D4 /* Table1to50 */,
				C402C6261D65697D00D350D4 /* Products */,
			);
			sourceTree = "<group>";
		};
		C402C6261D65697D00D350D4 /* Products */ = {
			isa = PBXGroup;
			children = (
				C402C6251D65697D00D350D4 /* Table1to50.app */,
			);
			name = Products;
			sourceTree = "<group>";
		};
		C402C6271D65697D00D350D4 /* Table1to50 */ = {
			isa = PBXGroup;
			children = (
				C402C6281D65697D00D350D4 /* AppDelegate.swift */,
				C402C62A1D65697D00D350D4 /* ViewController.swift */,
				C402C62C1D65697D00D350D4 /* Main.storyboard */,
				C402C62F1D65697D00D350D4 /* Assets.xcassets */,
				C402C6311D65697D00D350D4 /* LaunchScreen.storyboard */,
				C402C6341D65697D00D350D4 /* Info.plist */,
			);
			path = Table1to50;
			sourceTree = "<group>";
		};
/* End PBXGroup section */

/* Begin PBXNativeTarget section */
		C402C6241D65697D00D350D4 /* Table1to50 */ = {
			isa = PBXNativeTarget;
			buildConfigurationList = C402C6371D65697D00D350D4 /* Build configuration list for PBXNativeTarget "Table1to50" */;
			buildPhases = (
				C402C6211D65697D00D350D4 /* Sources */,
				C402C6221D65697D00D350D4 /* Frameworks */,
				C402C6231D65697D00D350D4 /* Resources */,
			);
			buildRules = (
			);
			dependencies = (
			);
			name = Table1to50;
			productName = Table1to50;
			productReference = C402C6251D65697D00D350D4 /* Table1to50.app */;
			productType = "com.apple.product-type.application";
		};
/* End PBXNativeTarget section */

/* Begin PBXProject section */
		C402C61D1D65697D00D350D4 /* Project object */ = {
			isa = PBXProject;
			attributes = {
				LastSwiftUpdateCheck = 0800;
				LastUpgradeCheck = 0800;
				ORGANIZATIONNAME = "Dumb Blonde Software";
				TargetAttributes = {
					C402C6241D65697D00D350D4 = {
						CreatedOnToolsVersion = 8.0;
						DevelopmentTeam = K8633K44E8;
						ProvisioningStyle = Automatic;
					};
				};
			};
			buildConfigurationList = C402C6201D65697D00D350D4 /* Build configuration list for PBXProject "Table1to50" */;
			compatibilityVersion = "Xcode 3.2";
			developmentRegion = English;
			hasScannedForEncodings = 0;
			knownRegions = (
				en,
				Base,
			);
			mainGroup = C402C61C1D65697D00D350D4;
			productRefGroup = C402C6261D65697D00D350D4 /* Products */;
			projectDirPath = "";
			projectRoot = "";
			targets = (
				C402C6241D65697D00D350D4 /* Table1to50 */,
			);
		};
/* End PBXProject section */

/* Begin PBXResourcesBuildPhase section */
		C402C6231D65697D00D350D4 /* Resources */ = {
			isa = PBXResourcesBuildPhase;
			buildActionMask = 2147483647;
			files = (
				C402C6331D65697D00D350D4 /* LaunchScreen.storyboard in Resources */,
				C402C6301D65697D00D350D4 /* Assets.xcassets in Resources */,
				C402C62E1D65697D00D350D4 /* Main.storyboard in Resources */,
			);
			runOnlyForDeploymentPostprocessing = 0;
		};
/* End PBXResourcesBuildPhase section */

/* Begin PBXSourcesBuildPhase section */
		C402C6211D65697D00D350D4 /* Sources */ = {
			isa = PBXSourcesBuildPhase;
			buildActionMask = 2147483647;
			files = (
				C402C62B1D65697D00D350D4 /* ViewController.swift in Sources */,
				C402C6291D65697D00D350D4 /* AppDelegate.swift in Sources */,
			);
			runOnlyForDeploymentPostprocessing = 0;
		};
/* End PBXSourcesBuildPhase section */

/* Begin PBXVariantGroup section */
		C402C62C1D65697D00D350D4 /* Main.storyboard */ = {
			isa = PBXVariantGroup;
			children = (
				C402C62D1D65697D00D350D4 /* Base */,
			);
			name = Main.storyboard;
			sourceTree = "<group>";
		};
		C402C6311D65697D00D350D4 /* LaunchScreen.storyboard */ = {
			isa = PBXVariantGroup;
			children = (
				C402C6321D65697D00D350D4 /* Base */,
			);
			name = LaunchScreen.storyboard;
			sourceTree = "<group>";
		};
/* End PBXVariantGroup section */

/* Begin XCBuildConfiguration section */
		C402C6351D65697D00D350D4 /* Debug */ = {
			isa = XCBuildConfiguration;
			buildSettings = {
				ALWAYS_SEARCH_USER_PATHS = NO;
				CLANG_ANALYZER_NONNULL = YES;
				CLANG_CXX_LANGUAGE_STANDARD = "gnu++0x";
				CLANG_CXX_LIBRARY = "libc++";
				CLANG_ENABLE_MODULES = YES;
				CLANG_ENABLE_OBJC_ARC = YES;
				CLANG_WARN_BOOL_CONVERSION = YES;
				CLANG_WARN_CONSTANT_CONVERSION = YES;
				CLANG_WARN_DIRECT_OBJC_ISA_USAGE = YES_ERROR;
				CLANG_WARN_DOCUMENTATION_COMMENTS = YES;
				CLANG_WARN_EMPTY_BODY = YES;
				CLANG_WARN_ENUM_CONVERSION = YES;
				CLANG_WARN_INFINITE_RECURSION = YES;
				CLANG_WARN_INT_CONVERSION = YES;
				CLANG_WARN_OBJC_ROOT_CLASS = YES_ERROR;
				CLANG_WARN_SUSPICIOUS_MOVES = YES;
				CLANG_WARN_UNREACHABLE_CODE = YES;
				CLANG_WARN__DUPLICATE_METHOD_MATCH = YES;
				"CODE_SIGN_IDENTITY[sdk=iphoneos*]" = "iPhone Developer";
				COPY_PHASE_STRIP = NO;
				DEBUG_INFORMATION_FORMAT = dwarf;
				ENABLE_STRICT_OBJC_MSGSEND = YES;
				ENABLE_TESTABILITY = YES;
				GCC_C_LANGUAGE_STANDARD = gnu99;
				GCC_DYNAMIC_NO_PIC = NO;
				GCC_NO_COMMON_BLOCKS = YES;
				GCC_OPTIMIZATION_LEVEL = 0;
				GCC_PREPROCESSOR_DEFINITIONS = (
					"DEBUG=1",
					"$(inherited)",
				);
				GCC_WARN_64_TO_32_BIT_CONVERSION = YES;
				GCC_WARN_ABOUT_RETURN_TYPE = YES_ERROR;
				GCC_WARN_UNDECLARED_SELECTOR = YES;
				GCC_WARN_UNINITIALIZED_AUTOS = YES_AGGRESSIVE;
				GCC_WARN_UNUSED_FUNCTION = YES;
				GCC_WARN_UNUSED_VARIABLE = YES;
				IPHONEOS_DEPLOYMENT_TARGET = 10.0;
				MTL_ENABLE_DEBUG_INFO = YES;
				ONLY_ACTIVE_ARCH = YES;
				SDKROOT = iphoneos;
				SWIFT_ACTIVE_COMPILATION_CONDITIONS = DEBUG;
				SWIFT_OPTIMIZATION_LEVEL = "-Onone";
			};
			name = Debug;
		};
		C402C6361D65697D00D350D4 /* Release */ = {
			isa = XCBuildConfiguration;
			buildSettings = {
				ALWAYS_SEARCH_USER_PATHS = NO;
				CLANG_ANALYZER_NONNULL = YES;
				CLANG_CXX_LANGUAGE_STANDARD = "gnu++0x";
				CLANG_CXX_LIBRARY = "libc++";
				CLANG_ENABLE_MODULES = YES;
				CLANG_ENABLE_OBJC_ARC = YES;
				CLANG_WARN_BOOL_CONVERSION = YES;
				CLANG_WARN_CONSTANT_CONVERSION = YES;
				CLANG_WARN_DIRECT_OBJC_ISA_USAGE = YES_ERROR;
				CLANG_WARN_DOCUMENTATION_COMMENTS = YES;
				CLANG_WARN_EMPTY_BODY = YES;
				CLANG_WARN_ENUM_CONVERSION = YES;
				CLANG_WARN_INFINITE_RECURSION = YES;
				CLANG_WARN_INT_CONVERSION = YES;
				CLANG_WARN_OBJC_ROOT_CLASS = YES_ERROR;
				CLANG_WARN_SUSPICIOUS_MOVES = YES;
				CLANG_WARN_UNREACHABLE_CODE = YES;
				CLANG_WARN__DUPLICATE_METHOD_MATCH = YES;
				"CODE_SIGN_IDENTITY[sdk=iphoneos*]" = "iPhone Developer";
				COPY_PHASE_STRIP = NO;
				DEBUG_INFORMATION_FORMAT = "dwarf-with-dsym";
				ENABLE_NS_ASSERTIONS = NO;
				ENABLE_STRICT_OBJC_MSGSEND = YES;
				GCC_C_LANGUAGE_STANDARD = gnu99;
				GCC_NO_COMMON_BLOCKS = YES;
				GCC_WARN_64_TO_32_BIT_CONVERSION = YES;
				GCC_WARN_ABOUT_RETURN_TYPE = YES_ERROR;
				GCC_WARN_UNDECLARED_SELECTOR = YES;
				GCC_WARN_UNINITIALIZED_AUTOS = YES_AGGRESSIVE;
				GCC_WARN_UNUSED_FUNCTION = YES;
				GCC_WARN_UNUSED_VARIABLE = YES;
				IPHONEOS_DEPLOYMENT_TARGET = 10.0;
				MTL_ENABLE_DEBUG_INFO = NO;
				SDKROOT = iphoneos;
				SWIFT_OPTIMIZATION_LEVEL = "-Owholemodule";
				VALIDATE_PRODUCT = YES;
			};
			name = Release;
		};
		C402C6381D65697D00D350D4 /* Debug */ = {
			isa = XCBuildConfiguration;
			buildSettings = {
				ASSETCATALOG_COMPILER_APPICON_NAME = AppIcon;
				DEVELOPMENT_TEAM = K8633K44E8;
				INFOPLIST_FILE = Table1to50/Info.plist;
				LD_RUNPATH_SEARCH_PATHS = "$(inherited) @executable_path/Frameworks";
				PRODUCT_BUNDLE_IDENTIFIER = self.edu.diane.Table1to50;
				PRODUCT_NAME = "$(TARGET_NAME)";
				SWIFT_VERSION = 3.0;
			};
			name = Debug;
		};
		C402C6391D65697D00D350D4 /* Release */ = {
			isa = XCBuildConfiguration;
			buildSettings = {
				ASSETCATALOG_COMPILER_APPICON_NAME = AppIcon;
				DEVELOPMENT_TEAM = K8633K44E8;
				INFOPLIST_FILE = Table1to50/Info.plist;
				LD_RUNPATH_SEARCH_PATHS = "$(inherited) @executable_path/Frameworks";
				PRODUCT_BUNDLE_IDENTIFIER = self.edu.diane.Table1to50;
				PRODUCT_NAME = "$(TARGET_NAME)";
				SWIFT_VERSION = 3.0;
			};
			name = Release;
		};
/* End XCBuildConfiguration section */

/* Begin XCConfigurationList section */
		C402C6201D65697D00D350D4 /* Build configuration list for PBXProject "Table1to50" */ = {
			isa = XCConfigurationList;
			buildConfigurations = (
				C402C6351D65697D00D350D4 /* Debug */,
				C402C6361D65697D00D350D4 /* Release */,
			);
			defaultConfigurationIsVisible = 0;
			defaultConfigurationName = Release;
		};
		C402C6371D65697D00D350D4 /* Build configuration list for PBXNativeTarget "Table1to50" */ = {
			isa = XCConfigurationList;
			buildConfigurations = (
				C402C6381D65697D00D350D4 /* Debug */,
				C402C6391D65697D00D350D4 /* Release */,
			);
			defaultConfigurationIsVisible = 0;
		};
/* End XCConfigurationList section */
	};
	rootObject = C402C61D1D65697D00D350D4 /* Project object */;
}
